// !$*UTF8*$!
{
	archiveVersion = 1;
	classes = {
	};
	objectVersion = 46;
	objects = {

/* Begin PBXBuildFile section */
		BD70BEC9189406B300CD1EDE /* libicucore.dylib in Frameworks */ = {isa = PBXBuildFile; fileRef = BD70BEC8189406B300CD1EDE /* libicucore.dylib */; };
		BD70BECB189406BE00CD1EDE /* CFNetwork.framework in Frameworks */ = {isa = PBXBuildFile; fileRef = BD70BECA189406BE00CD1EDE /* CFNetwork.framework */; };
		BD70BECD189406C500CD1EDE /* Security.framework in Frameworks */ = {isa = PBXBuildFile; fileRef = BD70BECC189406C500CD1EDE /* Security.framework */; };
		BD70BEDB18952BB800CD1EDE /* BRHLogger.m in Sources */ = {isa = PBXBuildFile; fileRef = BD70BEDA18952BB800CD1EDE /* BRHLogger.m */; };
		BDF20E6C1892DA9A00F0AEB8 /* Foundation.framework in Frameworks */ = {isa = PBXBuildFile; fileRef = BDF20E6B1892DA9A00F0AEB8 /* Foundation.framework */; };
		BDF20E6E1892DA9A00F0AEB8 /* CoreGraphics.framework in Frameworks */ = {isa = PBXBuildFile; fileRef = BDF20E6D1892DA9A00F0AEB8 /* CoreGraphics.framework */; };
		BDF20E701892DA9A00F0AEB8 /* UIKit.framework in Frameworks */ = {isa = PBXBuildFile; fileRef = BDF20E6F1892DA9A00F0AEB8 /* UIKit.framework */; };
		BDF20E761892DA9A00F0AEB8 /* InfoPlist.strings in Resources */ = {isa = PBXBuildFile; fileRef = BDF20E741892DA9A00F0AEB8 /* InfoPlist.strings */; };
		BDF20E781892DA9A00F0AEB8 /* main.m in Sources */ = {isa = PBXBuildFile; fileRef = BDF20E771892DA9A00F0AEB8 /* main.m */; };
		BDF20E7C1892DA9A00F0AEB8 /* BRHAppDelegate.m in Sources */ = {isa = PBXBuildFile; fileRef = BDF20E7B1892DA9A00F0AEB8 /* BRHAppDelegate.m */; };
		BDF20E7F1892DA9A00F0AEB8 /* Main_iPhone.storyboard in Resources */ = {isa = PBXBuildFile; fileRef = BDF20E7D1892DA9A00F0AEB8 /* Main_iPhone.storyboard */; };
		BDF20E821892DA9A00F0AEB8 /* Main_iPad.storyboard in Resources */ = {isa = PBXBuildFile; fileRef = BDF20E801892DA9A00F0AEB8 /* Main_iPad.storyboard */; };
		BDF20E851892DA9A00F0AEB8 /* BRHViewController.m in Sources */ = {isa = PBXBuildFile; fileRef = BDF20E841892DA9A00F0AEB8 /* BRHViewController.m */; };
		BDF20E871892DA9A00F0AEB8 /* Images.xcassets in Resources */ = {isa = PBXBuildFile; fileRef = BDF20E861892DA9A00F0AEB8 /* Images.xcassets */; };
		BDF20E8E1892DA9A00F0AEB8 /* XCTest.framework in Frameworks */ = {isa = PBXBuildFile; fileRef = BDF20E8D1892DA9A00F0AEB8 /* XCTest.framework */; };
		BDF20E8F1892DA9A00F0AEB8 /* Foundation.framework in Frameworks */ = {isa = PBXBuildFile; fileRef = BDF20E6B1892DA9A00F0AEB8 /* Foundation.framework */; };
		BDF20E901892DA9A00F0AEB8 /* UIKit.framework in Frameworks */ = {isa = PBXBuildFile; fileRef = BDF20E6F1892DA9A00F0AEB8 /* UIKit.framework */; };
		BDF20E981892DA9A00F0AEB8 /* InfoPlist.strings in Resources */ = {isa = PBXBuildFile; fileRef = BDF20E961892DA9A00F0AEB8 /* InfoPlist.strings */; };
		BDF20E9A1892DA9A00F0AEB8 /* KillDetectTests.m in Sources */ = {isa = PBXBuildFile; fileRef = BDF20E991892DA9A00F0AEB8 /* KillDetectTests.m */; };
/* End PBXBuildFile section */

/* Begin PBXContainerItemProxy section */
		BDF20E911892DA9A00F0AEB8 /* PBXContainerItemProxy */ = {
			isa = PBXContainerItemProxy;
			containerPortal = BDF20E601892DA9A00F0AEB8 /* Project object */;
			proxyType = 1;
			remoteGlobalIDString = BDF20E671892DA9A00F0AEB8;
			remoteInfo = KillDetect;
		};
/* End PBXContainerItemProxy section */

/* Begin PBXFileReference section */
		BD70BEC8189406B300CD1EDE /* libicucore.dylib */ = {isa = PBXFileReference; lastKnownFileType = "compiled.mach-o.dylib"; name = libicucore.dylib; path = usr/lib/libicucore.dylib; sourceTree = SDKROOT; };
		BD70BECA189406BE00CD1EDE /* CFNetwork.framework */ = {isa = PBXFileReference; lastKnownFileType = wrapper.framework; name = CFNetwork.framework; path = System/Library/Frameworks/CFNetwork.framework; sourceTree = SDKROOT; };
		BD70BECC189406C500CD1EDE /* Security.framework */ = {isa = PBXFileReference; lastKnownFileType = wrapper.framework; name = Security.framework; path = System/Library/Frameworks/Security.framework; sourceTree = SDKROOT; };
		BD70BED918952BB800CD1EDE /* BRHLogger.h */ = {isa = PBXFileReference; fileEncoding = 4; lastKnownFileType = sourcecode.c.h; path = BRHLogger.h; sourceTree = "<group>"; };
		BD70BEDA18952BB800CD1EDE /* BRHLogger.m */ = {isa = PBXFileReference; fileEncoding = 4; lastKnownFileType = sourcecode.c.objc; path = BRHLogger.m; sourceTree = "<group>"; };
		BDF20E681892DA9A00F0AEB8 /* KillDetect.app */ = {isa = PBXFileReference; explicitFileType = wrapper.application; includeInIndex = 0; path = KillDetect.app; sourceTree = BUILT_PRODUCTS_DIR; };
		BDF20E6B1892DA9A00F0AEB8 /* Foundation.framework */ = {isa = PBXFileReference; lastKnownFileType = wrapper.framework; name = Foundation.framework; path = System/Library/Frameworks/Foundation.framework; sourceTree = SDKROOT; };
		BDF20E6D1892DA9A00F0AEB8 /* CoreGraphics.framework */ = {isa = PBXFileReference; lastKnownFileType = wrapper.framework; name = CoreGraphics.framework; path = System/Library/Frameworks/CoreGraphics.framework; sourceTree = SDKROOT; };
		BDF20E6F1892DA9A00F0AEB8 /* UIKit.framework */ = {isa = PBXFileReference; lastKnownFileType = wrapper.framework; name = UIKit.framework; path = System/Library/Frameworks/UIKit.framework; sourceTree = SDKROOT; };
		BDF20E731892DA9A00F0AEB8 /* KillDetect-Info.plist */ = {isa = PBXFileReference; lastKnownFileType = text.plist.xml; path = "KillDetect-Info.plist"; sourceTree = "<group>"; };
		BDF20E751892DA9A00F0AEB8 /* en */ = {isa = PBXFileReference; lastKnownFileType = text.plist.strings; name = en; path = en.lproj/InfoPlist.strings; sourceTree = "<group>"; };
		BDF20E771892DA9A00F0AEB8 /* main.m */ = {isa = PBXFileReference; lastKnownFileType = sourcecode.c.objc; path = main.m; sourceTree = "<group>"; };
		BDF20E791892DA9A00F0AEB8 /* KillDetect-Prefix.pch */ = {isa = PBXFileReference; lastKnownFileType = sourcecode.c.h; path = "KillDetect-Prefix.pch"; sourceTree = "<group>"; };
		BDF20E7A1892DA9A00F0AEB8 /* BRHAppDelegate.h */ = {isa = PBXFileReference; lastKnownFileType = sourcecode.c.h; path = BRHAppDelegate.h; sourceTree = "<group>"; };
		BDF20E7B1892DA9A00F0AEB8 /* BRHAppDelegate.m */ = {isa = PBXFileReference; lastKnownFileType = sourcecode.c.objc; path = BRHAppDelegate.m; sourceTree = "<group>"; };
		BDF20E7E1892DA9A00F0AEB8 /* Base */ = {isa = PBXFileReference; lastKnownFileType = file.storyboard; name = Base; path = Base.lproj/Main_iPhone.storyboard; sourceTree = "<group>"; };
		BDF20E811892DA9A00F0AEB8 /* Base */ = {isa = PBXFileReference; lastKnownFileType = file.storyboard; name = Base; path = Base.lproj/Main_iPad.storyboard; sourceTree = "<group>"; };
		BDF20E831892DA9A00F0AEB8 /* BRHViewController.h */ = {isa = PBXFileReference; lastKnownFileType = sourcecode.c.h; path = BRHViewController.h; sourceTree = "<group>"; };
		BDF20E841892DA9A00F0AEB8 /* BRHViewController.m */ = {isa = PBXFileReference; lastKnownFileType = sourcecode.c.objc; path = BRHViewController.m; sourceTree = "<group>"; };
		BDF20E861892DA9A00F0AEB8 /* Images.xcassets */ = {isa = PBXFileReference; lastKnownFileType = folder.assetcatalog; path = Images.xcassets; sourceTree = "<group>"; };
		BDF20E8C1892DA9A00F0AEB8 /* KillDetectTests.xctest */ = {isa = PBXFileReference; explicitFileType = wrapper.cfbundle; includeInIndex = 0; path = KillDetectTests.xctest; sourceTree = BUILT_PRODUCTS_DIR; };
		BDF20E8D1892DA9A00F0AEB8 /* XCTest.framework */ = {isa = PBXFileReference; lastKnownFileType = wrapper.framework; name = XCTest.framework; path = Library/Frameworks/XCTest.framework; sourceTree = DEVELOPER_DIR; };
		BDF20E951892DA9A00F0AEB8 /* KillDetectTests-Info.plist */ = {isa = PBXFileReference; lastKnownFileType = text.plist.xml; path = "KillDetectTests-Info.plist"; sourceTree = "<group>"; };
		BDF20E971892DA9A00F0AEB8 /* en */ = {isa = PBXFileReference; lastKnownFileType = text.plist.strings; name = en; path = en.lproj/InfoPlist.strings; sourceTree = "<group>"; };
		BDF20E991892DA9A00F0AEB8 /* KillDetectTests.m */ = {isa = PBXFileReference; lastKnownFileType = sourcecode.c.objc; path = KillDetectTests.m; sourceTree = "<group>"; };
/* End PBXFileReference section */

/* Begin PBXFrameworksBuildPhase section */
		BDF20E651892DA9A00F0AEB8 /* Frameworks */ = {
			isa = PBXFrameworksBuildPhase;
			buildActionMask = 2147483647;
			files = (
				BD70BECD189406C500CD1EDE /* Security.framework in Frameworks */,
				BD70BECB189406BE00CD1EDE /* CFNetwork.framework in Frameworks */,
				BD70BEC9189406B300CD1EDE /* libicucore.dylib in Frameworks */,
				BDF20E6E1892DA9A00F0AEB8 /* CoreGraphics.framework in Frameworks */,
				BDF20E701892DA9A00F0AEB8 /* UIKit.framework in Frameworks */,
				BDF20E6C1892DA9A00F0AEB8 /* Foundation.framework in Frameworks */,
			);
			runOnlyForDeploymentPostprocessing = 0;
		};
		BDF20E891892DA9A00F0AEB8 /* Frameworks */ = {
			isa = PBXFrameworksBuildPhase;
			buildActionMask = 2147483647;
			files = (
				BDF20E8E1892DA9A00F0AEB8 /* XCTest.framework in Frameworks */,
				BDF20E901892DA9A00F0AEB8 /* UIKit.framework in Frameworks */,
				BDF20E8F1892DA9A00F0AEB8 /* Foundation.framework in Frameworks */,
			);
			runOnlyForDeploymentPostprocessing = 0;
		};
/* End PBXFrameworksBuildPhase section */

/* Begin PBXGroup section */
		BDF20E5F1892DA9A00F0AEB8 = {
			isa = PBXGroup;
			children = (
				BDF20E711892DA9A00F0AEB8 /* KillDetect */,
				BDF20E931892DA9A00F0AEB8 /* KillDetectTests */,
				BDF20E6A1892DA9A00F0AEB8 /* Frameworks */,
				BDF20E691892DA9A00F0AEB8 /* Products */,
			);
			sourceTree = "<group>";
		};
		BDF20E691892DA9A00F0AEB8 /* Products */ = {
			isa = PBXGroup;
			children = (
				BDF20E681892DA9A00F0AEB8 /* KillDetect.app */,
				BDF20E8C1892DA9A00F0AEB8 /* KillDetectTests.xctest */,
			);
			name = Products;
			sourceTree = "<group>";
		};
		BDF20E6A1892DA9A00F0AEB8 /* Frameworks */ = {
			isa = PBXGroup;
			children = (
				BD70BECC189406C500CD1EDE /* Security.framework */,
				BD70BECA189406BE00CD1EDE /* CFNetwork.framework */,
				BD70BEC8189406B300CD1EDE /* libicucore.dylib */,
				BDF20E6B1892DA9A00F0AEB8 /* Foundation.framework */,
				BDF20E6D1892DA9A00F0AEB8 /* CoreGraphics.framework */,
				BDF20E6F1892DA9A00F0AEB8 /* UIKit.framework */,
				BDF20E8D1892DA9A00F0AEB8 /* XCTest.framework */,
			);
			name = Frameworks;
			sourceTree = "<group>";
		};
		BDF20E711892DA9A00F0AEB8 /* KillDetect */ = {
			isa = PBXGroup;
			children = (
				BDF20E7D1892DA9A00F0AEB8 /* Main_iPhone.storyboard */,
				BDF20E801892DA9A00F0AEB8 /* Main_iPad.storyboard */,
				BDF20E7A1892DA9A00F0AEB8 /* BRHAppDelegate.h */,
				BDF20E7B1892DA9A00F0AEB8 /* BRHAppDelegate.m */,
				BD70BED918952BB800CD1EDE /* BRHLogger.h */,
				BD70BEDA18952BB800CD1EDE /* BRHLogger.m */,
				BDF20E841892DA9A00F0AEB8 /* BRHViewController.m */,
				BDF20E831892DA9A00F0AEB8 /* BRHViewController.h */,
				BDF20E861892DA9A00F0AEB8 /* Images.xcassets */,
				BDF20E721892DA9A00F0AEB8 /* Supporting Files */,
			);
			path = KillDetect;
			sourceTree = "<group>";
		};
		BDF20E721892DA9A00F0AEB8 /* Supporting Files */ = {
			isa = PBXGroup;
			children = (
				BDF20E731892DA9A00F0AEB8 /* KillDetect-Info.plist */,
				BDF20E741892DA9A00F0AEB8 /* InfoPlist.strings */,
				BDF20E771892DA9A00F0AEB8 /* main.m */,
				BDF20E791892DA9A00F0AEB8 /* KillDetect-Prefix.pch */,
			);
			name = "Supporting Files";
			sourceTree = "<group>";
		};
		BDF20E931892DA9A00F0AEB8 /* KillDetectTests */ = {
			isa = PBXGroup;
			children = (
				BDF20E991892DA9A00F0AEB8 /* KillDetectTests.m */,
				BDF20E941892DA9A00F0AEB8 /* Supporting Files */,
			);
			path = KillDetectTests;
			sourceTree = "<group>";
		};
		BDF20E941892DA9A00F0AEB8 /* Supporting Files */ = {
			isa = PBXGroup;
			children = (
				BDF20E951892DA9A00F0AEB8 /* KillDetectTests-Info.plist */,
				BDF20E961892DA9A00F0AEB8 /* InfoPlist.strings */,
			);
			name = "Supporting Files";
			sourceTree = "<group>";
		};
/* End PBXGroup section */

/* Begin PBXNativeTarget section */
		BDF20E671892DA9A00F0AEB8 /* KillDetect */ = {
			isa = PBXNativeTarget;
			buildConfigurationList = BDF20E9D1892DA9A00F0AEB8 /* Build configuration list for PBXNativeTarget "KillDetect" */;
			buildPhases = (
				BDF20E641892DA9A00F0AEB8 /* Sources */,
				BDF20E651892DA9A00F0AEB8 /* Frameworks */,
				BDF20E661892DA9A00F0AEB8 /* Resources */,
			);
			buildRules = (
			);
			dependencies = (
			);
			name = KillDetect;
			productName = KillDetect;
			productReference = BDF20E681892DA9A00F0AEB8 /* KillDetect.app */;
			productType = "com.apple.product-type.application";
		};
		BDF20E8B1892DA9A00F0AEB8 /* KillDetectTests */ = {
			isa = PBXNativeTarget;
			buildConfigurationList = BDF20EA01892DA9A00F0AEB8 /* Build configuration list for PBXNativeTarget "KillDetectTests" */;
			buildPhases = (
				BDF20E881892DA9A00F0AEB8 /* Sources */,
				BDF20E891892DA9A00F0AEB8 /* Frameworks */,
				BDF20E8A1892DA9A00F0AEB8 /* Resources */,
			);
			buildRules = (
			);
			dependencies = (
				BDF20E921892DA9A00F0AEB8 /* PBXTargetDependency */,
			);
			name = KillDetectTests;
			productName = KillDetectTests;
			productReference = BDF20E8C1892DA9A00F0AEB8 /* KillDetectTests.xctest */;
			productType = "com.apple.product-type.bundle.unit-test";
		};
/* End PBXNativeTarget section */

/* Begin PBXProject section */
		BDF20E601892DA9A00F0AEB8 /* Project object */ = {
			isa = PBXProject;
			attributes = {
				CLASSPREFIX = BRH;
				LastUpgradeCheck = 0500;
				ORGANIZATIONNAME = "Brad Howes";
				TargetAttributes = {
					BDF20E671892DA9A00F0AEB8 = {
						SystemCapabilities = {
							com.apple.BackgroundModes = {
								enabled = 1;
							};
						};
					};
					BDF20E8B1892DA9A00F0AEB8 = {
						TestTargetID = BDF20E671892DA9A00F0AEB8;
					};
				};
			};
			buildConfigurationList = BDF20E631892DA9A00F0AEB8 /* Build configuration list for PBXProject "KillDetect" */;
			compatibilityVersion = "Xcode 3.2";
			developmentRegion = English;
			hasScannedForEncodings = 0;
			knownRegions = (
				en,
				Base,
			);
			mainGroup = BDF20E5F1892DA9A00F0AEB8;
			productRefGroup = BDF20E691892DA9A00F0AEB8 /* Products */;
			projectDirPath = "";
			projectRoot = "";
			targets = (
				BDF20E671892DA9A00F0AEB8 /* KillDetect */,
				BDF20E8B1892DA9A00F0AEB8 /* KillDetectTests */,
			);
		};
/* End PBXProject section */

/* Begin PBXResourcesBuildPhase section */
		BDF20E661892DA9A00F0AEB8 /* Resources */ = {
			isa = PBXResourcesBuildPhase;
			buildActionMask = 2147483647;
			files = (
				BDF20E821892DA9A00F0AEB8 /* Main_iPad.storyboard in Resources */,
				BDF20E871892DA9A00F0AEB8 /* Images.xcassets in Resources */,
				BDF20E7F1892DA9A00F0AEB8 /* Main_iPhone.storyboard in Resources */,
				BDF20E761892DA9A00F0AEB8 /* InfoPlist.strings in Resources */,
			);
			runOnlyForDeploymentPostprocessing = 0;
		};
		BDF20E8A1892DA9A00F0AEB8 /* Resources */ = {
			isa = PBXResourcesBuildPhase;
			buildActionMask = 2147483647;
			files = (
				BDF20E981892DA9A00F0AEB8 /* InfoPlist.strings in Resources */,
			);
			runOnlyForDeploymentPostprocessing = 0;
		};
/* End PBXResourcesBuildPhase section */

/* Begin PBXSourcesBuildPhase section */
		BDF20E641892DA9A00F0AEB8 /* Sources */ = {
			isa = PBXSourcesBuildPhase;
			buildActionMask = 2147483647;
			files = (
				BDF20E851892DA9A00F0AEB8 /* BRHViewController.m in Sources */,
				BDF20E781892DA9A00F0AEB8 /* main.m in Sources */,
				BD70BEDB18952BB800CD1EDE /* BRHLogger.m in Sources */,
				BDF20E7C1892DA9A00F0AEB8 /* BRHAppDelegate.m in Sources */,
			);
			runOnlyForDeploymentPostprocessing = 0;
		};
		BDF20E881892DA9A00F0AEB8 /* Sources */ = {
			isa = PBXSourcesBuildPhase;
			buildActionMask = 2147483647;
			files = (
				BDF20E9A1892DA9A00F0AEB8 /* KillDetectTests.m in Sources */,
			);
			runOnlyForDeploymentPostprocessing = 0;
		};
/* End PBXSourcesBuildPhase section */

/* Begin PBXTargetDependency section */
		BDF20E921892DA9A00F0AEB8 /* PBXTargetDependency */ = {
			isa = PBXTargetDependency;
			target = BDF20E671892DA9A00F0AEB8 /* KillDetect */;
			targetProxy = BDF20E911892DA9A00F0AEB8 /* PBXContainerItemProxy */;
		};
/* End PBXTargetDependency section */

/* Begin PBXVariantGroup section */
		BDF20E741892DA9A00F0AEB8 /* InfoPlist.strings */ = {
			isa = PBXVariantGroup;
			children = (
				BDF20E751892DA9A00F0AEB8 /* en */,
			);
			name = InfoPlist.strings;
			sourceTree = "<group>";
		};
		BDF20E7D1892DA9A00F0AEB8 /* Main_iPhone.storyboard */ = {
			isa = PBXVariantGroup;
			children = (
				BDF20E7E1892DA9A00F0AEB8 /* Base */,
			);
			name = Main_iPhone.storyboard;
			sourceTree = "<group>";
		};
		BDF20E801892DA9A00F0AEB8 /* Main_iPad.storyboard */ = {
			isa = PBXVariantGroup;
			children = (
				BDF20E811892DA9A00F0AEB8 /* Base */,
			);
			name = Main_iPad.storyboard;
			sourceTree = "<group>";
		};
		BDF20E961892DA9A00F0AEB8 /* InfoPlist.strings */ = {
			isa = PBXVariantGroup;
			children = (
				BDF20E971892DA9A00F0AEB8 /* en */,
			);
			name = InfoPlist.strings;
			sourceTree = "<group>";
		};
/* End PBXVariantGroup section */

/* Begin XCBuildConfiguration section */
		BDF20E9B1892DA9A00F0AEB8 /* Debug */ = {
			isa = XCBuildConfiguration;
			buildSettings = {
				ALWAYS_SEARCH_USER_PATHS = NO;
				ARCHS = "$(ARCHS_STANDARD_INCLUDING_64_BIT)";
				CLANG_CXX_LANGUAGE_STANDARD = "gnu++0x";
				CLANG_CXX_LIBRARY = "libc++";
				CLANG_ENABLE_MODULES = YES;
				CLANG_ENABLE_OBJC_ARC = YES;
				CLANG_WARN_BOOL_CONVERSION = YES;
				CLANG_WARN_CONSTANT_CONVERSION = YES;
				CLANG_WARN_DIRECT_OBJC_ISA_USAGE = YES_ERROR;
				CLANG_WARN_EMPTY_BODY = YES;
				CLANG_WARN_ENUM_CONVERSION = YES;
				CLANG_WARN_INT_CONVERSION = YES;
				CLANG_WARN_OBJC_ROOT_CLASS = YES_ERROR;
				CLANG_WARN__DUPLICATE_METHOD_MATCH = YES;
				"CODE_SIGN_IDENTITY[sdk=iphoneos*]" = "iPhone Developer";
				COPY_PHASE_STRIP = NO;
				GCC_C_LANGUAGE_STANDARD = gnu99;
				GCC_DYNAMIC_NO_PIC = NO;
				GCC_OPTIMIZATION_LEVEL = 0;
				GCC_PREPROCESSOR_DEFINITIONS = (
					"DEBUG=1",
					"$(inherited)",
				);
				GCC_SYMBOLS_PRIVATE_EXTERN = NO;
				GCC_WARN_64_TO_32_BIT_CONVERSION = YES;
				GCC_WARN_ABOUT_RETURN_TYPE = YES_ERROR;
				GCC_WARN_UNDECLARED_SELECTOR = YES;
				GCC_WARN_UNINITIALIZED_AUTOS = YES;
				GCC_WARN_UNUSED_FUNCTION = YES;
				GCC_WARN_UNUSED_VARIABLE = YES;
				IPHONEOS_DEPLOYMENT_TARGET = 7.0;
				ONLY_ACTIVE_ARCH = YES;
				SDKROOT = iphoneos;
				TARGETED_DEVICE_FAMILY = "1,2";
			};
			name = Debug;
		};
		BDF20E9C1892DA9A00F0AEB8 /* Release */ = {
			isa = XCBuildConfiguration;
			buildSettings = {
				ALWAYS_SEARCH_USER_PATHS = NO;
				ARCHS = "$(ARCHS_STANDARD_INCLUDING_64_BIT)";
				CLANG_CXX_LANGUAGE_STANDARD = "gnu++0x";
				CLANG_CXX_LIBRARY = "libc++";
				CLANG_ENABLE_MODULES = YES;
				CLANG_ENABLE_OBJC_ARC = YES;
				CLANG_WARN_BOOL_CONVERSION = YES;
				CLANG_WARN_CONSTANT_CONVERSION = YES;
				CLANG_WARN_DIRECT_OBJC_ISA_USAGE = YES_ERROR;
				CLANG_WARN_EMPTY_BODY = YES;
				CLANG_WARN_ENUM_CONVERSION = YES;
				CLANG_WARN_INT_CONVERSION = YES;
				CLANG_WARN_OBJC_ROOT_CLASS = YES_ERROR;
				CLANG_WARN__DUPLICATE_METHOD_MATCH = YES;
				"CODE_SIGN_IDENTITY[sdk=iphoneos*]" = "iPhone Developer";
				COPY_PHASE_STRIP = YES;
				ENABLE_NS_ASSERTIONS = NO;
				GCC_C_LANGUAGE_STANDARD = gnu99;
				GCC_WARN_64_TO_32_BIT_CONVERSION = YES;
				GCC_WARN_ABOUT_RETURN_TYPE = YES_ERROR;
				GCC_WARN_UNDECLARED_SELECTOR = YES;
				GCC_WARN_UNINITIALIZED_AUTOS = YES;
				GCC_WARN_UNUSED_FUNCTION = YES;
				GCC_WARN_UNUSED_VARIABLE = YES;
				IPHONEOS_DEPLOYMENT_TARGET = 7.0;
				SDKROOT = iphoneos;
				TARGETED_DEVICE_FAMILY = "1,2";
				VALIDATE_PRODUCT = YES;
			};
			name = Release;
		};
		BDF20E9E1892DA9A00F0AEB8 /* Debug */ = {
			isa = XCBuildConfiguration;
			buildSettings = {
				ASSETCATALOG_COMPILER_APPICON_NAME = AppIcon;
				ASSETCATALOG_COMPILER_LAUNCHIMAGE_NAME = LaunchImage;
				GCC_PRECOMPILE_PREFIX_HEADER = YES;
				GCC_PREFIX_HEADER = "KillDetect/KillDetect-Prefix.pch";
				INFOPLIST_FILE = "KillDetect/KillDetect-Info.plist";
				PRODUCT_NAME = "$(TARGET_NAME)";
				WRAPPER_EXTENSION = app;
			};
			name = Debug;
		};
		BDF20E9F1892DA9A00F0AEB8 /* Release */ = {
			isa = XCBuildConfiguration;
			buildSettings = {
				ASSETCATALOG_COMPILER_APPICON_NAME = AppIcon;
				ASSETCATALOG_COMPILER_LAUNCHIMAGE_NAME = LaunchImage;
				GCC_PRECOMPILE_PREFIX_HEADER = YES;
				GCC_PREFIX_HEADER = "KillDetect/KillDetect-Prefix.pch";
				INFOPLIST_FILE = "KillDetect/KillDetect-Info.plist";
				PRODUCT_NAME = "$(TARGET_NAME)";
				WRAPPER_EXTENSION = app;
			};
			name = Release;
		};
		BDF20EA11892DA9A00F0AEB8 /* Debug */ = {
			isa = XCBuildConfiguration;
			buildSettings = {
				ARCHS = "$(ARCHS_STANDARD_INCLUDING_64_BIT)";
				BUNDLE_LOADER = "$(BUILT_PRODUCTS_DIR)/KillDetect.app/KillDetect";
				FRAMEWORK_SEARCH_PATHS = (
					"$(SDKROOT)/Developer/Library/Frameworks",
					"$(inherited)",
					"$(DEVELOPER_FRAMEWORKS_DIR)",
				);
				GCC_PRECOMPILE_PREFIX_HEADER = YES;
				GCC_PREFIX_HEADER = "KillDetect/KillDetect-Prefix.pch";
				GCC_PREPROCESSOR_DEFINITIONS = (
					"DEBUG=1",
					"$(inherited)",
				);
				INFOPLIST_FILE = "KillDetectTests/KillDetectTests-Info.plist";
				PRODUCT_NAME = "$(TARGET_NAME)";
				TEST_HOST = "$(BUNDLE_LOADER)";
				WRAPPER_EXTENSION = xctest;
			};
			name = Debug;
		};
		BDF20EA21892DA9A00F0AEB8 /* Release */ = {
			isa = XCBuildConfiguration;
			buildSettings = {
				ARCHS = "$(ARCHS_STANDARD_INCLUDING_64_BIT)";
				BUNDLE_LOADER = "$(BUILT_PRODUCTS_DIR)/KillDetect.app/KillDetect";
				FRAMEWORK_SEARCH_PATHS = (
					"$(SDKROOT)/Developer/Library/Frameworks",
					"$(inherited)",
					"$(DEVELOPER_FRAMEWORKS_DIR)",
				);
				GCC_PRECOMPILE_PREFIX_HEADER = YES;
				GCC_PREFIX_HEADER = "KillDetect/KillDetect-Prefix.pch";
				INFOPLIST_FILE = "KillDetectTests/KillDetectTests-Info.plist";
				PRODUCT_NAME = "$(TARGET_NAME)";
				TEST_HOST = "$(BUNDLE_LOADER)";
				WRAPPER_EXTENSION = xctest;
			};
			name = Release;
		};
/* End XCBuildConfiguration section */

/* Begin XCConfigurationList section */
		BDF20E631892DA9A00F0AEB8 /* Build configuration list for PBXProject "KillDetect" */ = {
			isa = XCConfigurationList;
			buildConfigurations = (
				BDF20E9B1892DA9A00F0AEB8 /* Debug */,
				BDF20E9C1892DA9A00F0AEB8 /* Release */,
			);
			defaultConfigurationIsVisible = 0;
			defaultConfigurationName = Release;
		};
		BDF20E9D1892DA9A00F0AEB8 /* Build configuration list for PBXNativeTarget "KillDetect" */ = {
			isa = XCConfigurationList;
			buildConfigurations = (
				BDF20E9E1892DA9A00F0AEB8 /* Debug */,
				BDF20E9F1892DA9A00F0AEB8 /* Release */,
			);
			defaultConfigurationIsVisible = 0;
			defaultConfigurationName = Release;
		};
		BDF20EA01892DA9A00F0AEB8 /* Build configuration list for PBXNativeTarget "KillDetectTests" */ = {
			isa = XCConfigurationList;
			buildConfigurations = (
				BDF20EA11892DA9A00F0AEB8 /* Debug */,
				BDF20EA21892DA9A00F0AEB8 /* Release */,
			);
			defaultConfigurationIsVisible = 0;
			defaultConfigurationName = Release;
		};
/* End XCConfigurationList section */
	};
	rootObject = BDF20E601892DA9A00F0AEB8 /* Project object */;
}
